
Microsoft Visual Studio Solution File, Format Version 12.00
# Visual Studio Version 16
VisualStudioVersion = 16.0.30309.148
MinimumVisualStudioVersion = 10.0.40219.1
Project("{9A19103F-16F7-4668-BE54-9A1E7A4F7556}") = "opdracht2", "opdracht2\opdracht2.csproj", "{81E4F6D2-D6A1-410F-9255-B76BFCD03B87}"
EndProject
Project("{FAE04EC0-301F-11D3-BF4B-00C04F79EFBC}") = "Logica", "Logica\Logica.csproj", "{531468D0-2AFF-4550-9DD2-25F174AF1EEE}"
EndProject
Project("{FAE04EC0-301F-11D3-BF4B-00C04F79EFBC}") = "Datalaag", "Datalaag\Datalaag.csproj", "{7C4F8BFE-8154-4F81-8C4B-10E345F60EF4}"
EndProject
Global
	GlobalSection(SolutionConfigurationPlatforms) = preSolution
		Debug|Any CPU = Debug|Any CPU
		Release|Any CPU = Release|Any CPU
	EndGlobalSection
	GlobalSection(ProjectConfigurationPlatforms) = postSolution
		{81E4F6D2-D6A1-410F-9255-B76BFCD03B87}.Debug|Any CPU.ActiveCfg = Debug|Any CPU
		{81E4F6D2-D6A1-410F-9255-B76BFCD03B87}.Debug|Any CPU.Build.0 = Debug|Any CPU
		{81E4F6D2-D6A1-410F-9255-B76BFCD03B87}.Release|Any CPU.ActiveCfg = Release|Any CPU
		{81E4F6D2-D6A1-410F-9255-B76BFCD03B87}.Release|Any CPU.Build.0 = Release|Any CPU
		{531468D0-2AFF-4550-9DD2-25F174AF1EEE}.Debug|Any CPU.ActiveCfg = Debug|Any CPU
		{531468D0-2AFF-4550-9DD2-25F174AF1EEE}.Debug|Any CPU.Build.0 = Debug|Any CPU
		{531468D0-2AFF-4550-9DD2-25F174AF1EEE}.Release|Any CPU.ActiveCfg = Release|Any CPU
		{531468D0-2AFF-4550-9DD2-25F174AF1EEE}.Release|Any CPU.Build.0 = Release|Any CPU
		{7C4F8BFE-8154-4F81-8C4B-10E345F60EF4}.Debug|Any CPU.ActiveCfg = Debug|Any CPU
		{7C4F8BFE-8154-4F81-8C4B-10E345F60EF4}.Debug|Any CPU.Build.0 = Debug|Any CPU
		{7C4F8BFE-8154-4F81-8C4B-10E345F60EF4}.Release|Any CPU.ActiveCfg = Release|Any CPU
		{7C4F8BFE-8154-4F81-8C4B-10E345F60EF4}.Release|Any CPU.Build.0 = Release|Any CPU
	EndGlobalSection
	GlobalSection(SolutionProperties) = preSolution
		HideSolutionNode = FALSE
	EndGlobalSection
	GlobalSection(ExtensibilityGlobals) = postSolution
		SolutionGuid = {6F766F4D-A5C0-4C55-8E0F-B6A7D2CC716A}
	EndGlobalSection
EndGlobal
